
Microsoft Visual Studio Solution File, Format Version 12.00
# Visual Studio Version 17
VisualStudioVersion = 17.2.32630.192
MinimumVisualStudioVersion = 10.0.40219.1
Project("{FAE04EC0-301F-11D3-BF4B-00C04F79EFBC}") = "AYO_Assesment", "AYO_Assesment.csproj", "{3643E40B-56D0-4FCC-A5F4-C7483CFF7040}"
EndProject
Global
	GlobalSection(SolutionConfigurationPlatforms) = preSolution
		Debug|Any CPU = Debug|Any CPU
		Release|Any CPU = Release|Any CPU
	EndGlobalSection
	GlobalSection(ProjectConfigurationPlatforms) = postSolution
		{3643E40B-56D0-4FCC-A5F4-C7483CFF7040}.Debug|Any CPU.ActiveCfg = Debug|Any CPU
		{3643E40B-56D0-4FCC-A5F4-C7483CFF7040}.Debug|Any CPU.Build.0 = Debug|Any CPU
		{3643E40B-56D0-4FCC-A5F4-C7483CFF7040}.Release|Any CPU.ActiveCfg = Release|Any CPU
		{3643E40B-56D0-4FCC-A5F4-C7483CFF7040}.Release|Any CPU.Build.0 = Release|Any CPU
	EndGlobalSection
	GlobalSection(SolutionProperties) = preSolution
		HideSolutionNode = FALSE
	EndGlobalSection
	GlobalSection(ExtensibilityGlobals) = postSolution
		SolutionGuid = {204105C3-EC86-4E38-BED8-B07A26F0073F}
	EndGlobalSection
EndGlobal
